
Microsoft Visual Studio Solution File, Format Version 12.00
# Visual Studio Version 17
VisualStudioVersion = 17.9.34728.123
MinimumVisualStudioVersion = 10.0.40219.1
Project("{9A19103F-16F7-4668-BE54-9A1E7A4F7556}") = "Onboard12.Server", "Onboard12.Server\Onboard12.Server.csproj", "{5E5629C9-70B2-4956-BE28-BB32B1D5B864}"
EndProject
Project("{54A90642-561A-4BB1-A94E-469ADEE60C69}") = "onboard12.client", "onboard12.client\onboard12.client.esproj", "{1F94C65B-FE79-446A-8F51-13896B14BA36}"
EndProject
Global
	GlobalSection(SolutionConfigurationPlatforms) = preSolution
		Debug|Any CPU = Debug|Any CPU
		Release|Any CPU = Release|Any CPU
	EndGlobalSection
	GlobalSection(ProjectConfigurationPlatforms) = postSolution
		{5E5629C9-70B2-4956-BE28-BB32B1D5B864}.Debug|Any CPU.ActiveCfg = Debug|Any CPU
		{5E5629C9-70B2-4956-BE28-BB32B1D5B864}.Debug|Any CPU.Build.0 = Debug|Any CPU
		{5E5629C9-70B2-4956-BE28-BB32B1D5B864}.Release|Any CPU.ActiveCfg = Release|Any CPU
		{5E5629C9-70B2-4956-BE28-BB32B1D5B864}.Release|Any CPU.Build.0 = Release|Any CPU
		{1F94C65B-FE79-446A-8F51-13896B14BA36}.Debug|Any CPU.ActiveCfg = Debug|Any CPU
		{1F94C65B-FE79-446A-8F51-13896B14BA36}.Debug|Any CPU.Build.0 = Debug|Any CPU
		{1F94C65B-FE79-446A-8F51-13896B14BA36}.Debug|Any CPU.Deploy.0 = Debug|Any CPU
		{1F94C65B-FE79-446A-8F51-13896B14BA36}.Release|Any CPU.ActiveCfg = Release|Any CPU
		{1F94C65B-FE79-446A-8F51-13896B14BA36}.Release|Any CPU.Build.0 = Release|Any CPU
		{1F94C65B-FE79-446A-8F51-13896B14BA36}.Release|Any CPU.Deploy.0 = Release|Any CPU
	EndGlobalSection
	GlobalSection(SolutionProperties) = preSolution
		HideSolutionNode = FALSE
	EndGlobalSection
	GlobalSection(ExtensibilityGlobals) = postSolution
		SolutionGuid = {61DBE1CD-E17C-4991-93EE-21C331DFED29}
	EndGlobalSection
EndGlobal
